{
    "_readme": [
        "This file locks the dependencies of your project to a known state",
        "Read more about it at http://getcomposer.org/doc/01-basic-usage.md#composer-lock-the-lock-file",
        "This file is @generated automatically"
    ],
    "hash": "424ccaab170f68a42cfee19d16d62120",
    "packages": [
        {
            "name": "james-heinrich/getid3",
            "version": "dev-master",
            "source": {
                "type": "git",
                "url": "https://github.com/JamesHeinrich/getID3.git",
                "reference": "55571531595dd5cd015f60968ba7696611cf159c"
            },
            "dist": {
                "type": "zip",
                "url": "https://api.github.com/repos/JamesHeinrich/getID3/zipball/55571531595dd5cd015f60968ba7696611cf159c",
                "reference": "55571531595dd5cd015f60968ba7696611cf159c",
                "shasum": ""
            },
            "require": {
                "php": ">=5.3.0"
            },
            "type": "library",
            "autoload": {
                "classmap": [
                    "getid3/getid3.php"
                ]
            },
            "notification-url": "https://packagist.org/downloads/",
            "license": [
                "GPL"
            ],
            "description": "PHP script that extracts useful information from popular multimedia file formats",
            "homepage": "http://www.getid3.org/",
            "keywords": [
                "codecs",
                "php",
                "tags"
            ],
            "time": "2014-05-17 20:56:27"
        }
    ],
    "packages-dev": [

    ],
    "aliases": [

    ],
    "minimum-stability": "stable",
    "stability-flags": {
        "james-heinrich/getid3": 20
    },
    "platform": [

    ],
    "platform-dev": [

    ]
}
